
Microsoft Visual Studio Solution File, Format Version 12.00
# Visual Studio Version 17
VisualStudioVersion = 17.10.34916.146
MinimumVisualStudioVersion = 10.0.40219.1
Project("{2150E333-8FDC-42A3-9474-1A3956D46DE8}") = "FrontEnd", "FrontEnd", "{33B72FD2-F9C5-4058-B64C-70F04032464D}"
EndProject
Project("{2150E333-8FDC-42A3-9474-1A3956D46DE8}") = "Gateway", "Gateway", "{6C1DFFD9-9A47-46EE-8841-81289DE7A967}"
EndProject
Project("{2150E333-8FDC-42A3-9474-1A3956D46DE8}") = "Integration", "Integration", "{1C909AD1-9563-49F5-BF01-4674C62F2003}"
EndProject
Project("{2150E333-8FDC-42A3-9474-1A3956D46DE8}") = "Services", "Services", "{C659AB08-4217-4016-AE61-191202F7C36C}"
EndProject
Project("{FAE04EC0-301F-11D3-BF4B-00C04F79EFBC}") = "E-commerce.Services.CouponAPI", "E-commerce.Services.CouponAPI\E-commerce.Services.CouponAPI.csproj", "{09B4DCD6-C1C5-44A6-A296-DEF4798C896A}"
EndProject
Global
	GlobalSection(SolutionConfigurationPlatforms) = preSolution
		Debug|Any CPU = Debug|Any CPU
		Release|Any CPU = Release|Any CPU
	EndGlobalSection
	GlobalSection(ProjectConfigurationPlatforms) = postSolution
		{09B4DCD6-C1C5-44A6-A296-DEF4798C896A}.Debug|Any CPU.ActiveCfg = Debug|Any CPU
		{09B4DCD6-C1C5-44A6-A296-DEF4798C896A}.Debug|Any CPU.Build.0 = Debug|Any CPU
		{09B4DCD6-C1C5-44A6-A296-DEF4798C896A}.Release|Any CPU.ActiveCfg = Release|Any CPU
		{09B4DCD6-C1C5-44A6-A296-DEF4798C896A}.Release|Any CPU.Build.0 = Release|Any CPU
	EndGlobalSection
	GlobalSection(SolutionProperties) = preSolution
		HideSolutionNode = FALSE
	EndGlobalSection
	GlobalSection(NestedProjects) = preSolution
		{09B4DCD6-C1C5-44A6-A296-DEF4798C896A} = {C659AB08-4217-4016-AE61-191202F7C36C}
	EndGlobalSection
	GlobalSection(ExtensibilityGlobals) = postSolution
		SolutionGuid = {99D3CE67-95FE-4118-89ED-6CF61E677349}
	EndGlobalSection
EndGlobal
